{
  "object": {
    "pins": [
      {
        "package": "combine-schedulers",
        "repositoryURL": "https://github.com/pointfreeco/combine-schedulers",
        "state": {
          "branch": null,
          "revision": "ec62f32d21584214a4b27c8cee2b2ad70ab2c38a",
          "version": "0.11.0"
        }
      },
      {
        "package": "CXExtensions",
        "repositoryURL": "https://github.com/cx-org/CXExtensions",
        "state": {
          "branch": null,
          "revision": "4790ecd6a6c0e796d776a28a820b552f7e8f6abd",
          "version": "0.4.0"
        }
      },
      {
        "package": "CXShim",
        "repositoryURL": "https://github.com/cx-org/CXShim",
        "state": {
          "branch": null,
          "revision": "82fecc246c7ca9f0ac1656b8199b7956e64d68f3",
          "version": "0.4.0"
        }
      },
      {
        "package": "CXTest",
        "repositoryURL": "https://github.com/cx-org/CXTest",
        "state": {
          "branch": null,
          "revision": "929ce7cbd3005bc9356ae826bb65ee2611379b17",
          "version": "0.4.0"
        }
      },
      {
        "package": "Gzip",
        "repositoryURL": "https://github.com/1024jp/GzipSwift",
        "state": {
          "branch": null,
          "revision": "ba0b6cb51cc6202f896e469b87d2889a46b10d1b",
          "version": "5.1.1"
        }
      },
      {
        "package": "LyricsKit",
        "repositoryURL": "https://github.com/tisfeng/LyricsKit",
        "state": {
          "branch": "dev",
          "revision": "b7c96820cd85684cdafae2b391a4b8abec936012",
          "version": null
        }
      },
      {
        "package": "MusicPlayer",
        "repositoryURL": "https://github.com/tisfeng/MusicPlayer",
        "state": {
          "branch": "dev",
          "revision": "47392fc6acb1c0bab3f4d2262ab41d5981ad31f4",
          "version": null
        }
      },
      {
        "package": "Regex",
        "repositoryURL": "https://github.com/ddddxxx/Regex",
        "state": {
          "branch": null,
          "revision": "c0ad0a7e9a48989d9688c2b524a1e69b6293b733",
          "version": "1.0.1"
        }
      },
      {
        "package": "swift-case-paths",
        "repositoryURL": "https://github.com/pointfreeco/swift-case-paths",
        "state": {
          "branch": null,
          "revision": "fc45e7b2cfece9dd80b5a45e6469ffe67fe67984",
          "version": "0.14.1"
        }
      },
      {
        "package": "swift-collections",
        "repositoryURL": "https://github.com/apple/swift-collections",
        "state": {
          "branch": null,
          "revision": "671108c96644956dddcd89dd59c203dcdb36cec7",
          "version": "1.1.4"
        }
      },
      {
        "package": "swift-composable-architecture",
        "repositoryURL": "https://github.com/pointfreeco/swift-composable-architecture",
        "state": {
          "branch": null,
          "revision": "9ea8c763061287052a68d5e6723fed45e898b7d9",
          "version": "0.40.2"
        }
      },
      {
        "package": "swift-concurrency-extras",
        "repositoryURL": "https://github.com/pointfreeco/swift-concurrency-extras",
        "state": {
          "branch": null,
          "revision": "a46265bb4f75808b0e15d971eebc408f557870a3",
          "version": "0.1.2"
        }
      },
      {
        "package": "swift-custom-dump",
        "repositoryURL": "https://github.com/pointfreeco/swift-custom-dump",
        "state": {
          "branch": null,
          "revision": "0a5bff05fe01dcd513932ed338a4efad8268b803",
          "version": "0.11.2"
        }
      },
      {
        "package": "swift-identified-collections",
        "repositoryURL": "https://github.com/pointfreeco/swift-identified-collections",
        "state": {
          "branch": null,
          "revision": "d01446a78fb768adc9a78cbb6df07767c8ccfc29",
          "version": "0.8.0"
        }
      },
      {
        "package": "SwiftCF",
        "repositoryURL": "https://github.com/Mx-Iris/SwiftCF",
        "state": {
          "branch": "master",
          "revision": "46f9d814b5197d33286235036d2e3c982e885fad",
          "version": null
        }
      },
      {
        "package": "xctest-dynamic-overlay",
        "repositoryURL": "https://github.com/pointfreeco/xctest-dynamic-overlay",
        "state": {
          "branch": null,
          "revision": "50843cbb8551db836adec2290bb4bc6bac5c1865",
          "version": "0.9.0"
        }
      }
    ]
  },
  "version": 1
}
